
Microsoft Visual Studio Solution File, Format Version 12.00
# Visual Studio Version 16
VisualStudioVersion = 25.0.1705.6
MinimumVisualStudioVersion = 10.0.40219.1
Project("{FAE04EC0-301F-11D3-BF4B-00C04F79EFBC}") = "Exponents.API", "Exponents.API\Exponents.API.csproj", "{B99BB5D4-F788-4A80-9EDF-1F4BE71AA01C}"
EndProject
Global
	GlobalSection(SolutionConfigurationPlatforms) = preSolution
		Debug|Any CPU = Debug|Any CPU
		Release|Any CPU = Release|Any CPU
	EndGlobalSection
	GlobalSection(ProjectConfigurationPlatforms) = postSolution
		{B99BB5D4-F788-4A80-9EDF-1F4BE71AA01C}.Debug|Any CPU.ActiveCfg = Debug|Any CPU
		{B99BB5D4-F788-4A80-9EDF-1F4BE71AA01C}.Debug|Any CPU.Build.0 = Debug|Any CPU
		{B99BB5D4-F788-4A80-9EDF-1F4BE71AA01C}.Release|Any CPU.ActiveCfg = Release|Any CPU
		{B99BB5D4-F788-4A80-9EDF-1F4BE71AA01C}.Release|Any CPU.Build.0 = Release|Any CPU
	EndGlobalSection
	GlobalSection(SolutionProperties) = preSolution
		HideSolutionNode = FALSE
	EndGlobalSection
	GlobalSection(ExtensibilityGlobals) = postSolution
		SolutionGuid = {FD931181-9A4E-42BC-879F-A163CB845729}
	EndGlobalSection
EndGlobal
